{"1.2.0",
[{<<"getopt">>,{pkg,<<"getopt">>,<<"1.0.3">>},0},
 {<<"jsx">>,{pkg,<<"jsx">>,<<"3.1.0">>},0},
 {<<"lfe">>,{pkg,<<"lfe">>,<<"2.1.5">>},0},
 {<<"logjam">>,{pkg,<<"logjam">>,<<"1.2.4">>},0}]}.
[
{pkg_hash,[
 {<<"getopt">>, <<"4F3320C1F6F26B2BEC0F6C6446B943EB927A1E6428EA279A1C6C534906EE79F1">>},
 {<<"jsx">>, <<"D12516BAA0BB23A59BB35DCCAF02A1BD08243FCBB9EFE24F2D9D056CCFF71268">>},
 {<<"lfe">>, <<"14E4DCE7E05986187FC9FDC93ABDC1B7710435D115EA2E33C0522BE155D0BF2C">>},
 {<<"logjam">>, <<"86D5A747575832A5401572BD35442EB805C824036BDC68AED520137B94ACF42B">>}]},
{pkg_hash_ext,[
 {<<"getopt">>, <<"7E01DE90AC540F21494FF72792B1E3162D399966EBBFC674B4CE52CB8F49324F">>},
 {<<"jsx">>, <<"0C5CC8FDC11B53CC25CF65AC6705AD39E54ECC56D1C22E4ADB8F5A53FB9427F3">>},
 {<<"lfe">>, <<"B37D1AED7C16AC8859BAD4A87DE30116A3B0BEEB72F4D78A191CAAE6836823F6">>},
 {<<"logjam">>, <<"F05736B1AF65DB8D9605DDACF2499ECFE2A2C9CE6B5EADFD5FB458EF5E596DB3">>}]}
].
